
Microsoft Visual Studio Solution File, Format Version 12.00
# Visual Studio Version 17
VisualStudioVersion = 17.14.36221.1 d17.14
MinimumVisualStudioVersion = 10.0.40219.1
Project("{FAE04EC0-301F-11D3-BF4B-00C04F79EFBC}") = "DesignePatterns", "DesignePatterns\DesignePatterns.csproj", "{B1B24E94-E9C7-4F1A-BD55-71D0A107ADDF}"
EndProject
Global
	GlobalSection(SolutionConfigurationPlatforms) = preSolution
		Debug|Any CPU = Debug|Any CPU
		Release|Any CPU = Release|Any CPU
	EndGlobalSection
	GlobalSection(ProjectConfigurationPlatforms) = postSolution
		{B1B24E94-E9C7-4F1A-BD55-71D0A107ADDF}.Debug|Any CPU.ActiveCfg = Debug|Any CPU
		{B1B24E94-E9C7-4F1A-BD55-71D0A107ADDF}.Debug|Any CPU.Build.0 = Debug|Any CPU
		{B1B24E94-E9C7-4F1A-BD55-71D0A107ADDF}.Release|Any CPU.ActiveCfg = Release|Any CPU
		{B1B24E94-E9C7-4F1A-BD55-71D0A107ADDF}.Release|Any CPU.Build.0 = Release|Any CPU
	EndGlobalSection
	GlobalSection(SolutionProperties) = preSolution
		HideSolutionNode = FALSE
	EndGlobalSection
	GlobalSection(ExtensibilityGlobals) = postSolution
		SolutionGuid = {10EEF0BE-D9DA-4404-A120-F063771DD377}
	EndGlobalSection
EndGlobal
